
Microsoft Visual Studio Solution File, Format Version 12.00
Project("{FAE04EC0-301F-11D3-BF4B-00C04F79EFBC}") = "Parseidon.Helper", "libs\Helper\Parseidon.Helper.csproj", "{1940DEB1-0B07-4F4E-A57A-45B492203B55}"
EndProject
Project("{FAE04EC0-301F-11D3-BF4B-00C04F79EFBC}") = "Parseidon.Parser", "libs\Parser\Parseidon.Parser.csproj", "{3571E1C7-D5C2-48C4-884E-698EC36410CC}"
EndProject
Project("{2150E333-8FDC-42A3-9474-1A3956D46DE8}") = "libs", "libs", "{9E80D487-79E1-4513-8CD6-5D1521898E17}"
EndProject
Project("{2150E333-8FDC-42A3-9474-1A3956D46DE8}") = "apps", "apps", "{02548E03-0EDC-4C2E-B440-C821EEFEC35D}"
EndProject
Project("{FAE04EC0-301F-11D3-BF4B-00C04F79EFBC}") = "Parseidon.Cli", "apps\Cli\Parseidon.Cli.csproj", "{57924B15-F1D7-4FE1-8392-4BDCC7F3781E}"
EndProject
Project("{FAE04EC0-301F-11D3-BF4B-00C04F79EFBC}") = "Parseidon.SourceGen", "libs\SourceGen\Parseidon.SourceGen.csproj", "{7D675992-F3D1-46DD-8F46-C02046F91873}"
EndProject
Project("{FAE04EC0-301F-11D3-BF4B-00C04F79EFBC}") = "Parseidon.SourceGenExample", "apps\SourceGenExample\Parseidon.SourceGenExample.csproj", "{96D2C4AA-8204-42D1-AB9F-33BC23162CC4}"
EndProject
Global
	GlobalSection(SolutionConfigurationPlatforms) = preSolution
		Debug|Any CPU = Debug|Any CPU
		Debug|x64 = Debug|x64
		Debug|x86 = Debug|x86
		Release|Any CPU = Release|Any CPU
		Release|x64 = Release|x64
		Release|x86 = Release|x86
	EndGlobalSection
	GlobalSection(ProjectConfigurationPlatforms) = postSolution
		{1940DEB1-0B07-4F4E-A57A-45B492203B55}.Debug|Any CPU.ActiveCfg = Debug|Any CPU
		{1940DEB1-0B07-4F4E-A57A-45B492203B55}.Debug|Any CPU.Build.0 = Debug|Any CPU
		{1940DEB1-0B07-4F4E-A57A-45B492203B55}.Debug|x64.ActiveCfg = Debug|Any CPU
		{1940DEB1-0B07-4F4E-A57A-45B492203B55}.Debug|x64.Build.0 = Debug|Any CPU
		{1940DEB1-0B07-4F4E-A57A-45B492203B55}.Debug|x86.ActiveCfg = Debug|Any CPU
		{1940DEB1-0B07-4F4E-A57A-45B492203B55}.Debug|x86.Build.0 = Debug|Any CPU
		{1940DEB1-0B07-4F4E-A57A-45B492203B55}.Release|Any CPU.ActiveCfg = Release|Any CPU
		{1940DEB1-0B07-4F4E-A57A-45B492203B55}.Release|Any CPU.Build.0 = Release|Any CPU
		{1940DEB1-0B07-4F4E-A57A-45B492203B55}.Release|x64.ActiveCfg = Release|Any CPU
		{1940DEB1-0B07-4F4E-A57A-45B492203B55}.Release|x64.Build.0 = Release|Any CPU
		{1940DEB1-0B07-4F4E-A57A-45B492203B55}.Release|x86.ActiveCfg = Release|Any CPU
		{1940DEB1-0B07-4F4E-A57A-45B492203B55}.Release|x86.Build.0 = Release|Any CPU
		{3571E1C7-D5C2-48C4-884E-698EC36410CC}.Debug|Any CPU.ActiveCfg = Debug|Any CPU
		{3571E1C7-D5C2-48C4-884E-698EC36410CC}.Debug|Any CPU.Build.0 = Debug|Any CPU
		{3571E1C7-D5C2-48C4-884E-698EC36410CC}.Debug|x64.ActiveCfg = Debug|Any CPU
		{3571E1C7-D5C2-48C4-884E-698EC36410CC}.Debug|x64.Build.0 = Debug|Any CPU
		{3571E1C7-D5C2-48C4-884E-698EC36410CC}.Debug|x86.ActiveCfg = Debug|Any CPU
		{3571E1C7-D5C2-48C4-884E-698EC36410CC}.Debug|x86.Build.0 = Debug|Any CPU
		{3571E1C7-D5C2-48C4-884E-698EC36410CC}.Release|Any CPU.ActiveCfg = Release|Any CPU
		{3571E1C7-D5C2-48C4-884E-698EC36410CC}.Release|Any CPU.Build.0 = Release|Any CPU
		{3571E1C7-D5C2-48C4-884E-698EC36410CC}.Release|x64.ActiveCfg = Release|Any CPU
		{3571E1C7-D5C2-48C4-884E-698EC36410CC}.Release|x64.Build.0 = Release|Any CPU
		{3571E1C7-D5C2-48C4-884E-698EC36410CC}.Release|x86.ActiveCfg = Release|Any CPU
		{3571E1C7-D5C2-48C4-884E-698EC36410CC}.Release|x86.Build.0 = Release|Any CPU
		{57924B15-F1D7-4FE1-8392-4BDCC7F3781E}.Debug|Any CPU.ActiveCfg = Debug|Any CPU
		{57924B15-F1D7-4FE1-8392-4BDCC7F3781E}.Debug|Any CPU.Build.0 = Debug|Any CPU
		{57924B15-F1D7-4FE1-8392-4BDCC7F3781E}.Debug|x64.ActiveCfg = Debug|Any CPU
		{57924B15-F1D7-4FE1-8392-4BDCC7F3781E}.Debug|x64.Build.0 = Debug|Any CPU
		{57924B15-F1D7-4FE1-8392-4BDCC7F3781E}.Debug|x86.ActiveCfg = Debug|Any CPU
		{57924B15-F1D7-4FE1-8392-4BDCC7F3781E}.Debug|x86.Build.0 = Debug|Any CPU
		{57924B15-F1D7-4FE1-8392-4BDCC7F3781E}.Release|Any CPU.ActiveCfg = Release|Any CPU
		{57924B15-F1D7-4FE1-8392-4BDCC7F3781E}.Release|Any CPU.Build.0 = Release|Any CPU
		{57924B15-F1D7-4FE1-8392-4BDCC7F3781E}.Release|x64.ActiveCfg = Release|Any CPU
		{57924B15-F1D7-4FE1-8392-4BDCC7F3781E}.Release|x64.Build.0 = Release|Any CPU
		{57924B15-F1D7-4FE1-8392-4BDCC7F3781E}.Release|x86.ActiveCfg = Release|Any CPU
		{57924B15-F1D7-4FE1-8392-4BDCC7F3781E}.Release|x86.Build.0 = Release|Any CPU
		{7D675992-F3D1-46DD-8F46-C02046F91873}.Debug|Any CPU.ActiveCfg = Debug|Any CPU
		{7D675992-F3D1-46DD-8F46-C02046F91873}.Debug|Any CPU.Build.0 = Debug|Any CPU
		{7D675992-F3D1-46DD-8F46-C02046F91873}.Debug|x64.ActiveCfg = Debug|Any CPU
		{7D675992-F3D1-46DD-8F46-C02046F91873}.Debug|x64.Build.0 = Debug|Any CPU
		{7D675992-F3D1-46DD-8F46-C02046F91873}.Debug|x86.ActiveCfg = Debug|Any CPU
		{7D675992-F3D1-46DD-8F46-C02046F91873}.Debug|x86.Build.0 = Debug|Any CPU
		{7D675992-F3D1-46DD-8F46-C02046F91873}.Release|Any CPU.ActiveCfg = Release|Any CPU
		{7D675992-F3D1-46DD-8F46-C02046F91873}.Release|Any CPU.Build.0 = Release|Any CPU
		{7D675992-F3D1-46DD-8F46-C02046F91873}.Release|x64.ActiveCfg = Release|Any CPU
		{7D675992-F3D1-46DD-8F46-C02046F91873}.Release|x64.Build.0 = Release|Any CPU
		{7D675992-F3D1-46DD-8F46-C02046F91873}.Release|x86.ActiveCfg = Release|Any CPU
		{7D675992-F3D1-46DD-8F46-C02046F91873}.Release|x86.Build.0 = Release|Any CPU
		{96D2C4AA-8204-42D1-AB9F-33BC23162CC4}.Debug|Any CPU.ActiveCfg = Debug|Any CPU
		{96D2C4AA-8204-42D1-AB9F-33BC23162CC4}.Debug|Any CPU.Build.0 = Debug|Any CPU
		{96D2C4AA-8204-42D1-AB9F-33BC23162CC4}.Debug|x64.ActiveCfg = Debug|Any CPU
		{96D2C4AA-8204-42D1-AB9F-33BC23162CC4}.Debug|x64.Build.0 = Debug|Any CPU
		{96D2C4AA-8204-42D1-AB9F-33BC23162CC4}.Debug|x86.ActiveCfg = Debug|Any CPU
		{96D2C4AA-8204-42D1-AB9F-33BC23162CC4}.Debug|x86.Build.0 = Debug|Any CPU
		{96D2C4AA-8204-42D1-AB9F-33BC23162CC4}.Release|Any CPU.ActiveCfg = Release|Any CPU
		{96D2C4AA-8204-42D1-AB9F-33BC23162CC4}.Release|Any CPU.Build.0 = Release|Any CPU
		{96D2C4AA-8204-42D1-AB9F-33BC23162CC4}.Release|x64.ActiveCfg = Release|Any CPU
		{96D2C4AA-8204-42D1-AB9F-33BC23162CC4}.Release|x64.Build.0 = Release|Any CPU
		{96D2C4AA-8204-42D1-AB9F-33BC23162CC4}.Release|x86.ActiveCfg = Release|Any CPU
		{96D2C4AA-8204-42D1-AB9F-33BC23162CC4}.Release|x86.Build.0 = Release|Any CPU
	EndGlobalSection
	GlobalSection(SolutionProperties) = preSolution
		HideSolutionNode = FALSE
	EndGlobalSection
	GlobalSection(NestedProjects) = preSolution
		{1940DEB1-0B07-4F4E-A57A-45B492203B55} = {9E80D487-79E1-4513-8CD6-5D1521898E17}
		{3571E1C7-D5C2-48C4-884E-698EC36410CC} = {9E80D487-79E1-4513-8CD6-5D1521898E17}
		{57924B15-F1D7-4FE1-8392-4BDCC7F3781E} = {02548E03-0EDC-4C2E-B440-C821EEFEC35D}
		{7D675992-F3D1-46DD-8F46-C02046F91873} = {9E80D487-79E1-4513-8CD6-5D1521898E17}
		{96D2C4AA-8204-42D1-AB9F-33BC23162CC4} = {02548E03-0EDC-4C2E-B440-C821EEFEC35D}
	EndGlobalSection
EndGlobal
